// !$*UTF8*$!
{
	archiveVersion = 1;
	classes = {
	};
	objectVersion = 56;
	objects = {

/* Begin PBXBuildFile section */
		395E09E52A99EE5400E688CB /* AppDelegate.swift in Sources */ = {isa = PBXBuildFile; fileRef = 395E09E42A99EE5400E688CB /* AppDelegate.swift */; };
		395E09E72A99EE5400E688CB /* SceneDelegate.swift in Sources */ = {isa = PBXBuildFile; fileRef = 395E09E62A99EE5400E688CB /* SceneDelegate.swift */; };
		395E09E92A99EE5400E688CB /* ViewController.swift in Sources */ = {isa = PBXBuildFile; fileRef = 395E09E82A99EE5400E688CB /* ViewController.swift */; };
		395E09EC2A99EE5400E688CB /* Main.storyboard in Resources */ = {isa = PBXBuildFile; fileRef = 395E09EA2A99EE5400E688CB /* Main.storyboard */; };
		395E09EE2A99EE5600E688CB /* Assets.xcassets in Resources */ = {isa = PBXBuildFile; fileRef = 395E09ED2A99EE5600E688CB /* Assets.xcassets */; };
		395E09F12A99EE5600E688CB /* LaunchScreen.storyboard in Resources */ = {isa = PBXBuildFile; fileRef = 395E09EF2A99EE5600E688CB /* LaunchScreen.storyboard */; };
		395E09FC2A9A2A0300E688CB /* SchduleModel.swift in Sources */ = {isa = PBXBuildFile; fileRef = 395E09FB2A9A2A0300E688CB /* SchduleModel.swift */; };
		395E0A002A9A327E00E688CB /* Compact.swift in Sources */ = {isa = PBXBuildFile; fileRef = 395E09FF2A9A327E00E688CB /* Compact.swift */; };
		395E0A022A9A60D100E688CB /* SchduleViewController.swift in Sources */ = {isa = PBXBuildFile; fileRef = 395E0A012A9A60D100E688CB /* SchduleViewController.swift */; };
/* End PBXBuildFile section */

/* Begin PBXFileReference section */
		395E09E12A99EE5400E688CB /* SchduleForm.app */ = {isa = PBXFileReference; explicitFileType = wrapper.application; includeInIndex = 0; path = SchduleForm.app; sourceTree = BUILT_PRODUCTS_DIR; };
		395E09E42A99EE5400E688CB /* AppDelegate.swift */ = {isa = PBXFileReference; lastKnownFileType = sourcecode.swift; path = AppDelegate.swift; sourceTree = "<group>"; };
		395E09E62A99EE5400E688CB /* SceneDelegate.swift */ = {isa = PBXFileReference; lastKnownFileType = sourcecode.swift; path = SceneDelegate.swift; sourceTree = "<group>"; };
		395E09E82A99EE5400E688CB /* ViewController.swift */ = {isa = PBXFileReference; lastKnownFileType = sourcecode.swift; path = ViewController.swift; sourceTree = "<group>"; };
		395E09EB2A99EE5400E688CB /* Base */ = {isa = PBXFileReference; lastKnownFileType = file.storyboard; name = Base; path = Base.lproj/Main.storyboard; sourceTree = "<group>"; };
		395E09ED2A99EE5600E688CB /* Assets.xcassets */ = {isa = PBXFileReference; lastKnownFileType = folder.assetcatalog; path = Assets.xcassets; sourceTree = "<group>"; };
		395E09F02A99EE5600E688CB /* Base */ = {isa = PBXFileReference; lastKnownFileType = file.storyboard; name = Base; path = Base.lproj/LaunchScreen.storyboard; sourceTree = "<group>"; };
		395E09F22A99EE5600E688CB /* Info.plist */ = {isa = PBXFileReference; lastKnownFileType = text.plist.xml; path = Info.plist; sourceTree = "<group>"; };
		395E09FB2A9A2A0300E688CB /* SchduleModel.swift */ = {isa = PBXFileReference; lastKnownFileType = sourcecode.swift; path = SchduleModel.swift; sourceTree = "<group>"; };
		395E09FF2A9A327E00E688CB /* Compact.swift */ = {isa = PBXFileReference; lastKnownFileType = sourcecode.swift; path = Compact.swift; sourceTree = "<group>"; };
		395E0A012A9A60D100E688CB /* SchduleViewController.swift */ = {isa = PBXFileReference; lastKnownFileType = sourcecode.swift; path = SchduleViewController.swift; sourceTree = "<group>"; };
/* End PBXFileReference section */

/* Begin PBXFrameworksBuildPhase section */
		395E09DE2A99EE5400E688CB /* Frameworks */ = {
			isa = PBXFrameworksBuildPhase;
			buildActionMask = 2147483647;
			files = (
			);
			runOnlyForDeploymentPostprocessing = 0;
		};
/* End PBXFrameworksBuildPhase section */

/* Begin PBXGroup section */
		395E09D82A99EE5400E688CB = {
			isa = PBXGroup;
			children = (
				395E09E32A99EE5400E688CB /* SchduleForm */,
				395E09E22A99EE5400E688CB /* Products */,
			);
			sourceTree = "<group>";
		};
		395E09E22A99EE5400E688CB /* Products */ = {
			isa = PBXGroup;
			children = (
				395E09E12A99EE5400E688CB /* SchduleForm.app */,
			);
			name = Products;
			sourceTree = "<group>";
		};
		395E09E32A99EE5400E688CB /* SchduleForm */ = {
			isa = PBXGroup;
			children = (
				395E09FA2A9A29ED00E688CB /* Model */,
				395E09E42A99EE5400E688CB /* AppDelegate.swift */,
				395E09E62A99EE5400E688CB /* SceneDelegate.swift */,
				395E09E82A99EE5400E688CB /* ViewController.swift */,
				395E0A012A9A60D100E688CB /* SchduleViewController.swift */,
				395E09EA2A99EE5400E688CB /* Main.storyboard */,
				395E09ED2A99EE5600E688CB /* Assets.xcassets */,
				395E09EF2A99EE5600E688CB /* LaunchScreen.storyboard */,
				395E09F22A99EE5600E688CB /* Info.plist */,
			);
			path = SchduleForm;
			sourceTree = "<group>";
		};
		395E09FA2A9A29ED00E688CB /* Model */ = {
			isa = PBXGroup;
			children = (
				395E09FB2A9A2A0300E688CB /* SchduleModel.swift */,
				395E09FF2A9A327E00E688CB /* Compact.swift */,
			);
			path = Model;
			sourceTree = "<group>";
		};
/* End PBXGroup section */

/* Begin PBXNativeTarget section */
		395E09E02A99EE5400E688CB /* SchduleForm */ = {
			isa = PBXNativeTarget;
			buildConfigurationList = 395E09F52A99EE5600E688CB /* Build configuration list for PBXNativeTarget "SchduleForm" */;
			buildPhases = (
				395E09DD2A99EE5400E688CB /* Sources */,
				395E09DE2A99EE5400E688CB /* Frameworks */,
				395E09DF2A99EE5400E688CB /* Resources */,
			);
			buildRules = (
			);
			dependencies = (
			);
			name = SchduleForm;
			productName = SchduleForm;
			productReference = 395E09E12A99EE5400E688CB /* SchduleForm.app */;
			productType = "com.apple.product-type.application";
		};
/* End PBXNativeTarget section */

/* Begin PBXProject section */
		395E09D92A99EE5400E688CB /* Project object */ = {
			isa = PBXProject;
			attributes = {
				BuildIndependentTargetsInParallel = 1;
				LastSwiftUpdateCheck = 1430;
				LastUpgradeCheck = 1430;
				TargetAttributes = {
					395E09E02A99EE5400E688CB = {
						CreatedOnToolsVersion = 14.3.1;
					};
				};
			};
			buildConfigurationList = 395E09DC2A99EE5400E688CB /* Build configuration list for PBXProject "SchduleForm" */;
			compatibilityVersion = "Xcode 14.0";
			developmentRegion = en;
			hasScannedForEncodings = 0;
			knownRegions = (
				en,
				Base,
			);
			mainGroup = 395E09D82A99EE5400E688CB;
			productRefGroup = 395E09E22A99EE5400E688CB /* Products */;
			projectDirPath = "";
			projectRoot = "";
			targets = (
				395E09E02A99EE5400E688CB /* SchduleForm */,
			);
		};
/* End PBXProject section */

/* Begin PBXResourcesBuildPhase section */
		395E09DF2A99EE5400E688CB /* Resources */ = {
			isa = PBXResourcesBuildPhase;
			buildActionMask = 2147483647;
			files = (
				395E09F12A99EE5600E688CB /* LaunchScreen.storyboard in Resources */,
				395E09EE2A99EE5600E688CB /* Assets.xcassets in Resources */,
				395E09EC2A99EE5400E688CB /* Main.storyboard in Resources */,
			);
			runOnlyForDeploymentPostprocessing = 0;
		};
/* End PBXResourcesBuildPhase section */

/* Begin PBXSourcesBuildPhase section */
		395E09DD2A99EE5400E688CB /* Sources */ = {
			isa = PBXSourcesBuildPhase;
			buildActionMask = 2147483647;
			files = (
				395E0A002A9A327E00E688CB /* Compact.swift in Sources */,
				395E0A022A9A60D100E688CB /* SchduleViewController.swift in Sources */,
				395E09FC2A9A2A0300E688CB /* SchduleModel.swift in Sources */,
				395E09E92A99EE5400E688CB /* ViewController.swift in Sources */,
				395E09E52A99EE5400E688CB /* AppDelegate.swift in Sources */,
				395E09E72A99EE5400E688CB /* SceneDelegate.swift in Sources */,
			);
			runOnlyForDeploymentPostprocessing = 0;
		};
/* End PBXSourcesBuildPhase section */

/* Begin PBXVariantGroup section */
		395E09EA2A99EE5400E688CB /* Main.storyboard */ = {
			isa = PBXVariantGroup;
			children = (
				395E09EB2A99EE5400E688CB /* Base */,
			);
			name = Main.storyboard;
			sourceTree = "<group>";
		};
		395E09EF2A99EE5600E688CB /* LaunchScreen.storyboard */ = {
			isa = PBXVariantGroup;
			children = (
				395E09F02A99EE5600E688CB /* Base */,
			);
			name = LaunchScreen.storyboard;
			sourceTree = "<group>";
		};
/* End PBXVariantGroup section */

/* Begin XCBuildConfiguration section */
		395E09F32A99EE5600E688CB /* Debug */ = {
			isa = XCBuildConfiguration;
			buildSettings = {
				ALWAYS_SEARCH_USER_PATHS = NO;
				CLANG_ANALYZER_NONNULL = YES;
				CLANG_ANALYZER_NUMBER_OBJECT_CONVERSION = YES_AGGRESSIVE;
				CLANG_CXX_LANGUAGE_STANDARD = "gnu++20";
				CLANG_ENABLE_MODULES = YES;
				CLANG_ENABLE_OBJC_ARC = YES;
				CLANG_ENABLE_OBJC_WEAK = YES;
				CLANG_WARN_BLOCK_CAPTURE_AUTORELEASING = YES;
				CLANG_WARN_BOOL_CONVERSION = YES;
				CLANG_WARN_COMMA = YES;
				CLANG_WARN_CONSTANT_CONVERSION = YES;
				CLANG_WARN_DEPRECATED_OBJC_IMPLEMENTATIONS = YES;
				CLANG_WARN_DIRECT_OBJC_ISA_USAGE = YES_ERROR;
				CLANG_WARN_DOCUMENTATION_COMMENTS = YES;
				CLANG_WARN_EMPTY_BODY = YES;
				CLANG_WARN_ENUM_CONVERSION = YES;
				CLANG_WARN_INFINITE_RECURSION = YES;
				CLANG_WARN_INT_CONVERSION = YES;
				CLANG_WARN_NON_LITERAL_NULL_CONVERSION = YES;
				CLANG_WARN_OBJC_IMPLICIT_RETAIN_SELF = YES;
				CLANG_WARN_OBJC_LITERAL_CONVERSION = YES;
				CLANG_WARN_OBJC_ROOT_CLASS = YES_ERROR;
				CLANG_WARN_QUOTED_INCLUDE_IN_FRAMEWORK_HEADER = YES;
				CLANG_WARN_RANGE_LOOP_ANALYSIS = YES;
				CLANG_WARN_STRICT_PROTOTYPES = YES;
				CLANG_WARN_SUSPICIOUS_MOVE = YES;
				CLANG_WARN_UNGUARDED_AVAILABILITY = YES_AGGRESSIVE;
				CLANG_WARN_UNREACHABLE_CODE = YES;
				CLANG_WARN__DUPLICATE_METHOD_MATCH = YES;
				COPY_PHASE_STRIP = NO;
				DEBUG_INFORMATION_FORMAT = dwarf;
				ENABLE_STRICT_OBJC_MSGSEND = YES;
				ENABLE_TESTABILITY = YES;
				GCC_C_LANGUAGE_STANDARD = gnu11;
				GCC_DYNAMIC_NO_PIC = NO;
				GCC_NO_COMMON_BLOCKS = YES;
				GCC_OPTIMIZATION_LEVEL = 0;
				GCC_PREPROCESSOR_DEFINITIONS = (
					"DEBUG=1",
					"$(inherited)",
				);
				GCC_WARN_64_TO_32_BIT_CONVERSION = YES;
				GCC_WARN_ABOUT_RETURN_TYPE = YES_ERROR;
				GCC_WARN_UNDECLARED_SELECTOR = YES;
				GCC_WARN_UNINITIALIZED_AUTOS = YES_AGGRESSIVE;
				GCC_WARN_UNUSED_FUNCTION = YES;
				GCC_WARN_UNUSED_VARIABLE = YES;
				IPHONEOS_DEPLOYMENT_TARGET = 16.4;
				MTL_ENABLE_DEBUG_INFO = INCLUDE_SOURCE;
				MTL_FAST_MATH = YES;
				ONLY_ACTIVE_ARCH = YES;
				SDKROOT = iphoneos;
				SWIFT_ACTIVE_COMPILATION_CONDITIONS = DEBUG;
				SWIFT_OPTIMIZATION_LEVEL = "-Onone";
			};
			name = Debug;
		};
		395E09F42A99EE5600E688CB /* Release */ = {
			isa = XCBuildConfiguration;
			buildSettings = {
				ALWAYS_SEARCH_USER_PATHS = NO;
				CLANG_ANALYZER_NONNULL = YES;
				CLANG_ANALYZER_NUMBER_OBJECT_CONVERSION = YES_AGGRESSIVE;
				CLANG_CXX_LANGUAGE_STANDARD = "gnu++20";
				CLANG_ENABLE_MODULES = YES;
				CLANG_ENABLE_OBJC_ARC = YES;
				CLANG_ENABLE_OBJC_WEAK = YES;
				CLANG_WARN_BLOCK_CAPTURE_AUTORELEASING = YES;
				CLANG_WARN_BOOL_CONVERSION = YES;
				CLANG_WARN_COMMA = YES;
				CLANG_WARN_CONSTANT_CONVERSION = YES;
				CLANG_WARN_DEPRECATED_OBJC_IMPLEMENTATIONS = YES;
				CLANG_WARN_DIRECT_OBJC_ISA_USAGE = YES_ERROR;
				CLANG_WARN_DOCUMENTATION_COMMENTS = YES;
				CLANG_WARN_EMPTY_BODY = YES;
				CLANG_WARN_ENUM_CONVERSION = YES;
				CLANG_WARN_INFINITE_RECURSION = YES;
				CLANG_WARN_INT_CONVERSION = YES;
				CLANG_WARN_NON_LITERAL_NULL_CONVERSION = YES;
				CLANG_WARN_OBJC_IMPLICIT_RETAIN_SELF = YES;
				CLANG_WARN_OBJC_LITERAL_CONVERSION = YES;
				CLANG_WARN_OBJC_ROOT_CLASS = YES_ERROR;
				CLANG_WARN_QUOTED_INCLUDE_IN_FRAMEWORK_HEADER = YES;
				CLANG_WARN_RANGE_LOOP_ANALYSIS = YES;
				CLANG_WARN_STRICT_PROTOTYPES = YES;
				CLANG_WARN_SUSPICIOUS_MOVE = YES;
				CLANG_WARN_UNGUARDED_AVAILABILITY = YES_AGGRESSIVE;
				CLANG_WARN_UNREACHABLE_CODE = YES;
				CLANG_WARN__DUPLICATE_METHOD_MATCH = YES;
				COPY_PHASE_STRIP = NO;
				DEBUG_INFORMATION_FORMAT = "dwarf-with-dsym";
				ENABLE_NS_ASSERTIONS = NO;
				ENABLE_STRICT_OBJC_MSGSEND = YES;
				GCC_C_LANGUAGE_STANDARD = gnu11;
				GCC_NO_COMMON_BLOCKS = YES;
				GCC_WARN_64_TO_32_BIT_CONVERSION = YES;
				GCC_WARN_ABOUT_RETURN_TYPE = YES_ERROR;
				GCC_WARN_UNDECLARED_SELECTOR = YES;
				GCC_WARN_UNINITIALIZED_AUTOS = YES_AGGRESSIVE;
				GCC_WARN_UNUSED_FUNCTION = YES;
				GCC_WARN_UNUSED_VARIABLE = YES;
				IPHONEOS_DEPLOYMENT_TARGET = 16.4;
				MTL_ENABLE_DEBUG_INFO = NO;
				MTL_FAST_MATH = YES;
				SDKROOT = iphoneos;
				SWIFT_COMPILATION_MODE = wholemodule;
				SWIFT_OPTIMIZATION_LEVEL = "-O";
				VALIDATE_PRODUCT = YES;
			};
			name = Release;
		};
		395E09F62A99EE5600E688CB /* Debug */ = {
			isa = XCBuildConfiguration;
			buildSettings = {
				ASSETCATALOG_COMPILER_APPICON_NAME = AppIcon;
				ASSETCATALOG_COMPILER_GLOBAL_ACCENT_COLOR_NAME = AccentColor;
				CODE_SIGN_STYLE = Automatic;
				CURRENT_PROJECT_VERSION = 1;
				DEVELOPMENT_TEAM = 27KRXYPLFN;
				GENERATE_INFOPLIST_FILE = YES;
				INFOPLIST_FILE = SchduleForm/Info.plist;
				INFOPLIST_KEY_UIApplicationSupportsIndirectInputEvents = YES;
				INFOPLIST_KEY_UILaunchStoryboardName = LaunchScreen;
				INFOPLIST_KEY_UIMainStoryboardFile = Main;
				INFOPLIST_KEY_UISupportedInterfaceOrientations_iPad = "UIInterfaceOrientationPortrait UIInterfaceOrientationPortraitUpsideDown UIInterfaceOrientationLandscapeLeft UIInterfaceOrientationLandscapeRight";
				INFOPLIST_KEY_UISupportedInterfaceOrientations_iPhone = "UIInterfaceOrientationPortrait UIInterfaceOrientationLandscapeLeft UIInterfaceOrientationLandscapeRight";
				IPHONEOS_DEPLOYMENT_TARGET = 13.0;
				LD_RUNPATH_SEARCH_PATHS = (
					"$(inherited)",
					"@executable_path/Frameworks",
				);
				MARKETING_VERSION = 1.0;
				PRODUCT_BUNDLE_IDENTIFIER = kelvingao.SchduleForm;
				PRODUCT_NAME = "$(TARGET_NAME)";
				SWIFT_EMIT_LOC_STRINGS = YES;
				SWIFT_VERSION = 5.0;
				TARGETED_DEVICE_FAMILY = "1,2";
			};
			name = Debug;
		};
		395E09F72A99EE5600E688CB /* Release */ = {
			isa = XCBuildConfiguration;
			buildSettings = {
				ASSETCATALOG_COMPILER_APPICON_NAME = AppIcon;
				ASSETCATALOG_COMPILER_GLOBAL_ACCENT_COLOR_NAME = AccentColor;
				CODE_SIGN_STYLE = Automatic;
				CURRENT_PROJECT_VERSION = 1;
				DEVELOPMENT_TEAM = 27KRXYPLFN;
				GENERATE_INFOPLIST_FILE = YES;
				INFOPLIST_FILE = SchduleForm/Info.plist;
				INFOPLIST_KEY_UIApplicationSupportsIndirectInputEvents = YES;
				INFOPLIST_KEY_UILaunchStoryboardName = LaunchScreen;
				INFOPLIST_KEY_UIMainStoryboardFile = Main;
				INFOPLIST_KEY_UISupportedInterfaceOrientations_iPad = "UIInterfaceOrientationPortrait UIInterfaceOrientationPortraitUpsideDown UIInterfaceOrientationLandscapeLeft UIInterfaceOrientationLandscapeRight";
				INFOPLIST_KEY_UISupportedInterfaceOrientations_iPhone = "UIInterfaceOrientationPortrait UIInterfaceOrientationLandscapeLeft UIInterfaceOrientationLandscapeRight";
				IPHONEOS_DEPLOYMENT_TARGET = 13.0;
				LD_RUNPATH_SEARCH_PATHS = (
					"$(inherited)",
					"@executable_path/Frameworks",
				);
				MARKETING_VERSION = 1.0;
				PRODUCT_BUNDLE_IDENTIFIER = kelvingao.SchduleForm;
				PRODUCT_NAME = "$(TARGET_NAME)";
				SWIFT_EMIT_LOC_STRINGS = YES;
				SWIFT_VERSION = 5.0;
				TARGETED_DEVICE_FAMILY = "1,2";
			};
			name = Release;
		};
/* End XCBuildConfiguration section */

/* Begin XCConfigurationList section */
		395E09DC2A99EE5400E688CB /* Build configuration list for PBXProject "SchduleForm" */ = {
			isa = XCConfigurationList;
			buildConfigurations = (
				395E09F32A99EE5600E688CB /* Debug */,
				395E09F42A99EE5600E688CB /* Release */,
			);
			defaultConfigurationIsVisible = 0;
			defaultConfigurationName = Release;
		};
		395E09F52A99EE5600E688CB /* Build configuration list for PBXNativeTarget "SchduleForm" */ = {
			isa = XCConfigurationList;
			buildConfigurations = (
				395E09F62A99EE5600E688CB /* Debug */,
				395E09F72A99EE5600E688CB /* Release */,
			);
			defaultConfigurationIsVisible = 0;
			defaultConfigurationName = Release;
		};
/* End XCConfigurationList section */
	};
	rootObject = 395E09D92A99EE5400E688CB /* Project object */;
}
